github.com/mitchallen/pick v0.1.0 h1:Y6BQ/BigeETlMh428M4APldbXLWCXluJtg+gyHzJ9ss=
github.com/mitchallen/pick v0.1.0/go.mod h1:VEL+xonoaPRcIINz/GjITPAvGC3W4tetT5G6txp1BPQ=
github.com/mitchallen/pick v0.2.0 h1:emYKsFHHQfkVEfqf6hHYIqAsxu1HNR9NJQZqwx+aiRo=
github.com/mitchallen/pick v0.2.0/go.mod h1:VEL+xonoaPRcIINz/GjITPAvGC3W4tetT5G6txp1BPQ=
